{
  "name": "dietitians",
  "lockfileVersion": 3,
  "requires": true,
  "packages": {
    "": {
      "dependencies": {
        "@builder.io/partytown": "^0.10.0"
      }
    },
    "node_modules/@builder.io/partytown": {
      "version": "0.10.0",
      "resolved": "https://registry.npmjs.org/@builder.io/partytown/-/partytown-0.10.0.tgz",
      "integrity": "sha512-OS/o9lAmK5rZZLkjFmghPNmp3P40uTF5yu2rFY3TVlnSie7CQhwrQ+5lycUkHqrDVyI4NOnOiA655Q1eGPE2pw==",
      "bin": {
        "partytown": "bin/partytown.cjs"
      },
      "engines": {
        "node": ">=18.0.0"
      }
    }
  }
}
